
Microsoft Visual Studio Solution File, Format Version 12.00
# Visual Studio 15
VisualStudioVersion = 15.0.28307.539
MinimumVisualStudioVersion = 10.0.40219.1
Project("{FAE04EC0-301F-11D3-BF4B-00C04F79EFBC}") = "try-interop-word", "try-interop-word\try-interop-word.csproj", "{228ECBFC-735A-4A36-9FCA-010CBC1F8C17}"
EndProject
Global
	GlobalSection(SolutionConfigurationPlatforms) = preSolution
		Debug|Any CPU = Debug|Any CPU
		Release|Any CPU = Release|Any CPU
	EndGlobalSection
	GlobalSection(ProjectConfigurationPlatforms) = postSolution
		{228ECBFC-735A-4A36-9FCA-010CBC1F8C17}.Debug|Any CPU.ActiveCfg = Debug|Any CPU
		{228ECBFC-735A-4A36-9FCA-010CBC1F8C17}.Debug|Any CPU.Build.0 = Debug|Any CPU
		{228ECBFC-735A-4A36-9FCA-010CBC1F8C17}.Release|Any CPU.ActiveCfg = Release|Any CPU
		{228ECBFC-735A-4A36-9FCA-010CBC1F8C17}.Release|Any CPU.Build.0 = Release|Any CPU
	EndGlobalSection
	GlobalSection(SolutionProperties) = preSolution
		HideSolutionNode = FALSE
	EndGlobalSection
	GlobalSection(ExtensibilityGlobals) = postSolution
		SolutionGuid = {F1B81178-BF05-411C-A5B5-ECBFE144262B}
	EndGlobalSection
EndGlobal
